
Microsoft Visual Studio Solution File, Format Version 12.00
# Visual Studio 15
VisualStudioVersion = 15.0.28010.2003
MinimumVisualStudioVersion = 10.0.40219.1
Project("{9A19103F-16F7-4668-BE54-9A1E7A4F7556}") = "Hop.Framework.Core", "Hop.Framework.Core\Hop.Framework.Core.csproj", "{4CDB9E4C-4F45-4CEC-B6D0-C6E989D3D3D2}"
EndProject
Project("{9A19103F-16F7-4668-BE54-9A1E7A4F7556}") = "Hop.Framework.Core.Tests", "Hop.Framework.Core.Tests\Hop.Framework.Core.Tests.csproj", "{284E99E3-218F-4632-962F-732D8E74B8AD}"
EndProject
Project("{9A19103F-16F7-4668-BE54-9A1E7A4F7556}") = "Hop.Framework.EFCore", "Hop.Framework.Data\Hop.Framework.EFCore.csproj", "{0E7FD5C1-44FE-496B-BF86-2AB8A5C7727F}"
EndProject
Project("{9A19103F-16F7-4668-BE54-9A1E7A4F7556}") = "Hop.Framework.EFCore.Tests", "Hop.Framework.Data.Tests\Hop.Framework.EFCore.Tests.csproj", "{E8C7AF3D-46BC-49D7-B779-1A0D2D62137F}"
EndProject
Project("{9A19103F-16F7-4668-BE54-9A1E7A4F7556}") = "Hop.Framework.Domain", "Hop.Framework.Domain\Hop.Framework.Domain.csproj", "{F805A8CB-EDD0-4B3E-97DE-83AF0D5568A1}"
EndProject
Project("{9A19103F-16F7-4668-BE54-9A1E7A4F7556}") = "Hop.Framework.Domain.Tests", "Hop.Framework.Domain.Tests\Hop.Framework.Domain.Tests.csproj", "{78E7E4B8-D459-40D0-8E52-CAC940875D75}"
EndProject
Project("{2150E333-8FDC-42A3-9474-1A3956D46DE8}") = "Tests", "Tests", "{08B7458E-5B22-4120-A447-6CE74DF85990}"
EndProject
Project("{2150E333-8FDC-42A3-9474-1A3956D46DE8}") = "Core", "Core", "{2524D7D9-45A6-485C-ACDB-4B998BF3ACB1}"
EndProject
Project("{2150E333-8FDC-42A3-9474-1A3956D46DE8}") = "Providers", "Providers", "{B4DF9202-52D9-44E4-BDE9-E899A91D2581}"
EndProject
Project("{2150E333-8FDC-42A3-9474-1A3956D46DE8}") = "EFCore", "EFCore", "{07B1B628-311B-4A03-BD15-B2108E68D0E4}"
EndProject
Project("{2150E333-8FDC-42A3-9474-1A3956D46DE8}") = "API", "API", "{5377C387-4FA0-4A3A-A4CC-E50473895A6C}"
EndProject
Project("{9A19103F-16F7-4668-BE54-9A1E7A4F7556}") = "Hop.Api.Server.Configuration", "Hop.Api.Server.Configuration\Hop.Api.Server.Configuration.csproj", "{0CE030C2-4FE1-4877-AE32-5622133536F7}"
EndProject
Project("{9A19103F-16F7-4668-BE54-9A1E7A4F7556}") = "Hop.Api.Server.Core", "Hop.Api.Server.Core\Hop.Api.Server.Core.csproj", "{C5A4852B-2F9A-43C8-994C-033CA68EEBC0}"
EndProject
Project("{9A19103F-16F7-4668-BE54-9A1E7A4F7556}") = "Hop.Framework.FluentValidation", "Hop.Framework.FluentValidation\Hop.Framework.FluentValidation.csproj", "{C6175CB7-623E-4450-AD57-1B0F3D2CC1FD}"
EndProject
Project("{2150E333-8FDC-42A3-9474-1A3956D46DE8}") = "FluentValidation", "FluentValidation", "{6074FB41-8638-46F8-93A5-2E39B5A73AC1}"
EndProject
Project("{9A19103F-16F7-4668-BE54-9A1E7A4F7556}") = "Hop.Framework.NetCoreDI", "Hop.Framework.NetCoreDI\Hop.Framework.NetCoreDI.csproj", "{B8A5D3AD-85E4-45BF-A95B-192D9D549F73}"
EndProject
Project("{2150E333-8FDC-42A3-9474-1A3956D46DE8}") = "NetCoreDI", "NetCoreDI", "{EEAEC531-7741-46E3-83AB-C4B407564CBE}"
EndProject
Project("{9A19103F-16F7-4668-BE54-9A1E7A4F7556}") = "Hop.Framework.NetCoreDI.AspNetCore", "Hop.Framework.NetCoreDI.AspNetCore\Hop.Framework.NetCoreDI.AspNetCore.csproj", "{816E2B0C-ABE7-4685-A164-EEFCF7D1BB39}"
EndProject
Project("{9A19103F-16F7-4668-BE54-9A1E7A4F7556}") = "Hop.Framework.UnitTests", "Hop.Framework.Tests\Hop.Framework.UnitTests.csproj", "{1DFAD69E-8DE0-49FF-A25A-A039C169ABED}"
EndProject
Global
	GlobalSection(SolutionConfigurationPlatforms) = preSolution
		Debug|Any CPU = Debug|Any CPU
		Release|Any CPU = Release|Any CPU
	EndGlobalSection
	GlobalSection(ProjectConfigurationPlatforms) = postSolution
		{4CDB9E4C-4F45-4CEC-B6D0-C6E989D3D3D2}.Debug|Any CPU.ActiveCfg = Debug|Any CPU
		{4CDB9E4C-4F45-4CEC-B6D0-C6E989D3D3D2}.Debug|Any CPU.Build.0 = Debug|Any CPU
		{4CDB9E4C-4F45-4CEC-B6D0-C6E989D3D3D2}.Release|Any CPU.ActiveCfg = Release|Any CPU
		{4CDB9E4C-4F45-4CEC-B6D0-C6E989D3D3D2}.Release|Any CPU.Build.0 = Release|Any CPU
		{284E99E3-218F-4632-962F-732D8E74B8AD}.Debug|Any CPU.ActiveCfg = Debug|Any CPU
		{284E99E3-218F-4632-962F-732D8E74B8AD}.Debug|Any CPU.Build.0 = Debug|Any CPU
		{284E99E3-218F-4632-962F-732D8E74B8AD}.Release|Any CPU.ActiveCfg = Release|Any CPU
		{284E99E3-218F-4632-962F-732D8E74B8AD}.Release|Any CPU.Build.0 = Release|Any CPU
		{0E7FD5C1-44FE-496B-BF86-2AB8A5C7727F}.Debug|Any CPU.ActiveCfg = Debug|Any CPU
		{0E7FD5C1-44FE-496B-BF86-2AB8A5C7727F}.Debug|Any CPU.Build.0 = Debug|Any CPU
		{0E7FD5C1-44FE-496B-BF86-2AB8A5C7727F}.Release|Any CPU.ActiveCfg = Release|Any CPU
		{0E7FD5C1-44FE-496B-BF86-2AB8A5C7727F}.Release|Any CPU.Build.0 = Release|Any CPU
		{E8C7AF3D-46BC-49D7-B779-1A0D2D62137F}.Debug|Any CPU.ActiveCfg = Debug|Any CPU
		{E8C7AF3D-46BC-49D7-B779-1A0D2D62137F}.Debug|Any CPU.Build.0 = Debug|Any CPU
		{E8C7AF3D-46BC-49D7-B779-1A0D2D62137F}.Release|Any CPU.ActiveCfg = Release|Any CPU
		{E8C7AF3D-46BC-49D7-B779-1A0D2D62137F}.Release|Any CPU.Build.0 = Release|Any CPU
		{F805A8CB-EDD0-4B3E-97DE-83AF0D5568A1}.Debug|Any CPU.ActiveCfg = Debug|Any CPU
		{F805A8CB-EDD0-4B3E-97DE-83AF0D5568A1}.Debug|Any CPU.Build.0 = Debug|Any CPU
		{F805A8CB-EDD0-4B3E-97DE-83AF0D5568A1}.Release|Any CPU.ActiveCfg = Release|Any CPU
		{F805A8CB-EDD0-4B3E-97DE-83AF0D5568A1}.Release|Any CPU.Build.0 = Release|Any CPU
		{78E7E4B8-D459-40D0-8E52-CAC940875D75}.Debug|Any CPU.ActiveCfg = Debug|Any CPU
		{78E7E4B8-D459-40D0-8E52-CAC940875D75}.Debug|Any CPU.Build.0 = Debug|Any CPU
		{78E7E4B8-D459-40D0-8E52-CAC940875D75}.Release|Any CPU.ActiveCfg = Release|Any CPU
		{78E7E4B8-D459-40D0-8E52-CAC940875D75}.Release|Any CPU.Build.0 = Release|Any CPU
		{0CE030C2-4FE1-4877-AE32-5622133536F7}.Debug|Any CPU.ActiveCfg = Debug|Any CPU
		{0CE030C2-4FE1-4877-AE32-5622133536F7}.Debug|Any CPU.Build.0 = Debug|Any CPU
		{0CE030C2-4FE1-4877-AE32-5622133536F7}.Release|Any CPU.ActiveCfg = Release|Any CPU
		{0CE030C2-4FE1-4877-AE32-5622133536F7}.Release|Any CPU.Build.0 = Release|Any CPU
		{C5A4852B-2F9A-43C8-994C-033CA68EEBC0}.Debug|Any CPU.ActiveCfg = Debug|Any CPU
		{C5A4852B-2F9A-43C8-994C-033CA68EEBC0}.Debug|Any CPU.Build.0 = Debug|Any CPU
		{C5A4852B-2F9A-43C8-994C-033CA68EEBC0}.Release|Any CPU.ActiveCfg = Release|Any CPU
		{C5A4852B-2F9A-43C8-994C-033CA68EEBC0}.Release|Any CPU.Build.0 = Release|Any CPU
		{C6175CB7-623E-4450-AD57-1B0F3D2CC1FD}.Debug|Any CPU.ActiveCfg = Debug|Any CPU
		{C6175CB7-623E-4450-AD57-1B0F3D2CC1FD}.Debug|Any CPU.Build.0 = Debug|Any CPU
		{C6175CB7-623E-4450-AD57-1B0F3D2CC1FD}.Release|Any CPU.ActiveCfg = Release|Any CPU
		{C6175CB7-623E-4450-AD57-1B0F3D2CC1FD}.Release|Any CPU.Build.0 = Release|Any CPU
		{B8A5D3AD-85E4-45BF-A95B-192D9D549F73}.Debug|Any CPU.ActiveCfg = Debug|Any CPU
		{B8A5D3AD-85E4-45BF-A95B-192D9D549F73}.Debug|Any CPU.Build.0 = Debug|Any CPU
		{B8A5D3AD-85E4-45BF-A95B-192D9D549F73}.Release|Any CPU.ActiveCfg = Release|Any CPU
		{B8A5D3AD-85E4-45BF-A95B-192D9D549F73}.Release|Any CPU.Build.0 = Release|Any CPU
		{816E2B0C-ABE7-4685-A164-EEFCF7D1BB39}.Debug|Any CPU.ActiveCfg = Debug|Any CPU
		{816E2B0C-ABE7-4685-A164-EEFCF7D1BB39}.Debug|Any CPU.Build.0 = Debug|Any CPU
		{816E2B0C-ABE7-4685-A164-EEFCF7D1BB39}.Release|Any CPU.ActiveCfg = Release|Any CPU
		{816E2B0C-ABE7-4685-A164-EEFCF7D1BB39}.Release|Any CPU.Build.0 = Release|Any CPU
		{1DFAD69E-8DE0-49FF-A25A-A039C169ABED}.Debug|Any CPU.ActiveCfg = Debug|Any CPU
		{1DFAD69E-8DE0-49FF-A25A-A039C169ABED}.Debug|Any CPU.Build.0 = Debug|Any CPU
		{1DFAD69E-8DE0-49FF-A25A-A039C169ABED}.Release|Any CPU.ActiveCfg = Release|Any CPU
		{1DFAD69E-8DE0-49FF-A25A-A039C169ABED}.Release|Any CPU.Build.0 = Release|Any CPU
	EndGlobalSection
	GlobalSection(SolutionProperties) = preSolution
		HideSolutionNode = FALSE
	EndGlobalSection
	GlobalSection(NestedProjects) = preSolution
		{4CDB9E4C-4F45-4CEC-B6D0-C6E989D3D3D2} = {2524D7D9-45A6-485C-ACDB-4B998BF3ACB1}
		{284E99E3-218F-4632-962F-732D8E74B8AD} = {08B7458E-5B22-4120-A447-6CE74DF85990}
		{0E7FD5C1-44FE-496B-BF86-2AB8A5C7727F} = {07B1B628-311B-4A03-BD15-B2108E68D0E4}
		{E8C7AF3D-46BC-49D7-B779-1A0D2D62137F} = {07B1B628-311B-4A03-BD15-B2108E68D0E4}
		{F805A8CB-EDD0-4B3E-97DE-83AF0D5568A1} = {2524D7D9-45A6-485C-ACDB-4B998BF3ACB1}
		{78E7E4B8-D459-40D0-8E52-CAC940875D75} = {08B7458E-5B22-4120-A447-6CE74DF85990}
		{08B7458E-5B22-4120-A447-6CE74DF85990} = {2524D7D9-45A6-485C-ACDB-4B998BF3ACB1}
		{07B1B628-311B-4A03-BD15-B2108E68D0E4} = {B4DF9202-52D9-44E4-BDE9-E899A91D2581}
		{0CE030C2-4FE1-4877-AE32-5622133536F7} = {5377C387-4FA0-4A3A-A4CC-E50473895A6C}
		{C5A4852B-2F9A-43C8-994C-033CA68EEBC0} = {5377C387-4FA0-4A3A-A4CC-E50473895A6C}
		{C6175CB7-623E-4450-AD57-1B0F3D2CC1FD} = {6074FB41-8638-46F8-93A5-2E39B5A73AC1}
		{6074FB41-8638-46F8-93A5-2E39B5A73AC1} = {B4DF9202-52D9-44E4-BDE9-E899A91D2581}
		{B8A5D3AD-85E4-45BF-A95B-192D9D549F73} = {EEAEC531-7741-46E3-83AB-C4B407564CBE}
		{EEAEC531-7741-46E3-83AB-C4B407564CBE} = {B4DF9202-52D9-44E4-BDE9-E899A91D2581}
		{816E2B0C-ABE7-4685-A164-EEFCF7D1BB39} = {EEAEC531-7741-46E3-83AB-C4B407564CBE}
		{1DFAD69E-8DE0-49FF-A25A-A039C169ABED} = {2524D7D9-45A6-485C-ACDB-4B998BF3ACB1}
	EndGlobalSection
	GlobalSection(ExtensibilityGlobals) = postSolution
		SolutionGuid = {3A9739F0-9632-4253-AEF8-AC8DE35E999D}
	EndGlobalSection
EndGlobal
